{
  "name": "314-Project-1",
  "lockfileVersion": 3,
  "requires": true,
  "packages": {
    "": {
      "dependencies": {
        "fontawesome": "^5.6.3",
        "smth": "^0.0.1"
      }
    },
    "node_modules/fontawesome": {
      "version": "5.6.3",
      "resolved": "https://registry.npmjs.org/fontawesome/-/fontawesome-5.6.3.tgz",
      "integrity": "sha512-FCc+CawwsJWWprVEg9X14yI7zI+l9YVAyhzgu70qwGeDn0tLLDH/dVfqgij72g4BBGgLGfK2qnvFGAmYUkhaWg==",
      "license": "MIT"
    },
    "node_modules/smth": {
      "version": "0.0.1",
      "resolved": "https://registry.npmjs.org/smth/-/smth-0.0.1.tgz",
      "integrity": "sha512-O0OIpjBjzOtpAy6XbvUC+jCX3a1E9+B4tDgnbh+bfgy4I/qThJo5hgI5pyWRdVJ69e1YCiVnREON1igR3l+JTA==",
      "license": "WTFPL"
    }
  }
}
